
Microsoft Visual Studio Solution File, Format Version 12.00
# Visual Studio Version 16
VisualStudioVersion = 16.0.31129.286
MinimumVisualStudioVersion = 10.0.40219.1
Project("{FAE04EC0-301F-11D3-BF4B-00C04F79EFBC}") = "Calculator", "Calculator.csproj", "{A448A11B-4A77-4279-A70B-E4BD74391514}"
EndProject
Global
	GlobalSection(SolutionConfigurationPlatforms) = preSolution
		Debug|Any CPU = Debug|Any CPU
		Release|Any CPU = Release|Any CPU
	EndGlobalSection
	GlobalSection(ProjectConfigurationPlatforms) = postSolution
		{A448A11B-4A77-4279-A70B-E4BD74391514}.Debug|Any CPU.ActiveCfg = Debug|Any CPU
		{A448A11B-4A77-4279-A70B-E4BD74391514}.Debug|Any CPU.Build.0 = Debug|Any CPU
		{A448A11B-4A77-4279-A70B-E4BD74391514}.Release|Any CPU.ActiveCfg = Release|Any CPU
		{A448A11B-4A77-4279-A70B-E4BD74391514}.Release|Any CPU.Build.0 = Release|Any CPU
	EndGlobalSection
	GlobalSection(SolutionProperties) = preSolution
		HideSolutionNode = FALSE
	EndGlobalSection
	GlobalSection(ExtensibilityGlobals) = postSolution
		SolutionGuid = {F4CF2CCF-B637-4733-BBDE-0256BC319DC8}
	EndGlobalSection
EndGlobal
